{
  "name": "slip39-js-playground",
  "lockfileVersion": 3,
  "requires": true,
  "packages": {
    "": {
      "dependencies": {
        "slip39": "^0.1.9"
      }
    },
    "node_modules/slip39": {
      "version": "0.1.9",
      "resolved": "https://registry.npmjs.org/slip39/-/slip39-0.1.9.tgz",
      "integrity": "sha512-XWPeAofN5SSffrAw11HIjBWL+lcRmZMOYR/N8QPYKHh2wwAE5dVTw2EOBtl2atUojcssApsoVw0F2AvQVnGZdQ=="
    }
  }
}
